# This file is automatically @generated by Poetry 1.7.1 and should not be changed by hand.

[[package]]
name = "aiogram"
version = "3.13.1"
description = "Modern and fully asynchronous framework for Telegram Bot API"
optional = false
python-versions = ">=3.8"
files = []
[package.dependencies]
aiofiles = ">=23.2.1"
aiohttp = ">=3.9.0"
certifi = ">=2023.7.22"
magic-filter = ">=1.0.12"
pydantic = ">=2.4.2"
typing-extensions = ">=4.9.0"

[[package]]
name = "aiofiles"
version = "23.2.1"
description = "File support for asyncio"
optional = false
python-versions = ">=3.7"
files = []

[[package]]
name = "aiohttp"
version = "3.10.5"
description = "Async http client/server framework (asyncio)"
optional = false
python-versions = ">=3.8"
files = []
[package.dependencies]
aiohappyeyeballs = ">=2.3.0"
aiosignal = ">=1.1.2"
attrs = ">=17.3.0"
frozenlist = ">=1.1.1"
multidict = ">=4.5.0"
yarl = ">=1.0,<2.0"

[[package]]
name = "aiohappyeyeballs"
version = "2.4.0"
description = "Happy Eyeballs for asyncio"
optional = false
python-versions = ">=3.8"
files = []

[[package]]
name = "aiosignal"
version = "1.3.1"
description = "aiosignal: a list of registered asynchronous callbacks"
optional = false
python-versions = ">=3.7"
files = []
[package.dependencies]
frozenlist = ">=1.1.0"

[[package]]
name = "apscheduler"
version = "3.10.4"
description = "In-process task scheduler with Cron-like capabilities"
optional = false
python-versions = ">=3.6"
files = []
[package.dependencies]
six = ">=1.4.0"
tzlocal = ">=2.0"

[[package]]
name = "attrs"
version = "23.2.0"
description = "Classes Without Boilerplate"
optional = false
python-versions = ">=3.7"
files = []

[[package]]
name = "certifi"
version = "2024.8.30"
description = "Python package for providing Mozilla's CA Bundle."
optional = false
python-versions = ">=3.6"
files = []

[[package]]
name = "frozenlist"
version = "1.4.1"
description = "A list-like structure which implements collections.abc.MutableSequence"
optional = false
python-versions = ">=3.8"
files = []

[[package]]
name = "magic-filter"
version = "1.0.12"
description = "Magic filter for objects"
optional = false
python-versions = ">=3.7"
files = []

[[package]]
name = "multidict"
version = "6.0.5"
description = "multidict implementation"
optional = false
python-versions = ">=3.7"
files = []

[[package]]
name = "pydantic"
version = "2.8.2"
description = "Data validation using Python type hints"
optional = false
python-versions = ">=3.8"
files = []
[package.dependencies]
annotated-types = ">=0.4.0"
pydantic-core = "2.20.1"
typing-extensions = ">=4.6.1"

[[package]]
name = "pydantic-core"
version = "2.20.1"
description = "Core functionality for Pydantic validation and serialization"
optional = false
python-versions = ">=3.8"
files = []
[package.dependencies]
typing-extensions = ">=4.6.0"

[[package]]
name = "python-dotenv"
version = "1.0.1"
description = "Read key-value pairs from a .env file and set them as environment variables"
optional = false
python-versions = ">=3.8"
files = []

[[package]]
name = "six"
version = "1.16.0"
description = "Python 2 and 3 compatibility utilities"
optional = false
python-versions = ">=2.7, !=3.0.*, !=3.1.*, !=3.2.*"
files = []

[[package]]
name = "typing-extensions"
version = "4.12.2"
description = "Backported and Experimental Type Hints for Python 3.8+"
optional = false
python-versions = ">=3.8"
files = []

[[package]]
name = "tzlocal"
version = "5.2"
description = "tzinfo object for the local timezone"
optional = false
python-versions = ">=3.8"
files = []

[[package]]
name = "yarl"
version = "1.9.7"
description = "Yet another URL library"
optional = false
python-versions = ">=3.8"
files = []
[package.dependencies]
idna = ">=2.0"
multidict = ">=4.0"

[[package]]
name = "idna"
version = "3.10"
description = "Internationalized Domain Names in Applications (IDNA)"
optional = false
python-versions = ">=3.5"
files = []

[metadata]
lock-version = "2.0"
python-versions = "^3.11"
content-hash = "d7f8b1c2e7f4b8a3b5e6f7c8d9e0a1b2c3d4e5f6a7b8c9d0e1f2a3b4c5d6e7"
